
Microsoft Visual Studio Solution File, Format Version 12.00
# Visual Studio Version 17
VisualStudioVersion = 17.8.34511.84
MinimumVisualStudioVersion = 10.0.40219.1
Project("{FAE04EC0-301F-11D3-BF4B-00C04F79EFBC}") = "Webapp_mvc", "Webapp_mvc.csproj", "{A36DED97-D456-4FFE-B866-B87B320B8C2D}"
EndProject
Global
	GlobalSection(SolutionConfigurationPlatforms) = preSolution
		Debug|Any CPU = Debug|Any CPU
		Release|Any CPU = Release|Any CPU
	EndGlobalSection
	GlobalSection(ProjectConfigurationPlatforms) = postSolution
		{A36DED97-D456-4FFE-B866-B87B320B8C2D}.Debug|Any CPU.ActiveCfg = Debug|Any CPU
		{A36DED97-D456-4FFE-B866-B87B320B8C2D}.Debug|Any CPU.Build.0 = Debug|Any CPU
		{A36DED97-D456-4FFE-B866-B87B320B8C2D}.Release|Any CPU.ActiveCfg = Release|Any CPU
		{A36DED97-D456-4FFE-B866-B87B320B8C2D}.Release|Any CPU.Build.0 = Release|Any CPU
	EndGlobalSection
	GlobalSection(SolutionProperties) = preSolution
		HideSolutionNode = FALSE
	EndGlobalSection
	GlobalSection(ExtensibilityGlobals) = postSolution
		SolutionGuid = {1F783BDE-820D-45DC-BB48-1F6BC5E9C0F7}
	EndGlobalSection
EndGlobal
